
Microsoft Visual Studio Solution File, Format Version 12.00
# Visual Studio Version 16
VisualStudioVersion = 16.0.29123.88
MinimumVisualStudioVersion = 10.0.40219.1
Project("{FAE04EC0-301F-11D3-BF4B-00C04F79EFBC}") = "newAPILosty", "newAPILosty\newAPILosty.csproj", "{446169C5-410A-4960-8262-82C130C72D4C}"
EndProject
Global
	GlobalSection(SolutionConfigurationPlatforms) = preSolution
		Debug|Any CPU = Debug|Any CPU
		Release|Any CPU = Release|Any CPU
	EndGlobalSection
	GlobalSection(ProjectConfigurationPlatforms) = postSolution
		{446169C5-410A-4960-8262-82C130C72D4C}.Debug|Any CPU.ActiveCfg = Debug|Any CPU
		{446169C5-410A-4960-8262-82C130C72D4C}.Debug|Any CPU.Build.0 = Debug|Any CPU
		{446169C5-410A-4960-8262-82C130C72D4C}.Release|Any CPU.ActiveCfg = Release|Any CPU
		{446169C5-410A-4960-8262-82C130C72D4C}.Release|Any CPU.Build.0 = Release|Any CPU
	EndGlobalSection
	GlobalSection(SolutionProperties) = preSolution
		HideSolutionNode = FALSE
	EndGlobalSection
	GlobalSection(ExtensibilityGlobals) = postSolution
		SolutionGuid = {28FD57F6-0A73-4DEF-9007-675FE634E4DC}
	EndGlobalSection
EndGlobal
