
Microsoft Visual Studio Solution File, Format Version 12.00
# Visual Studio Version 16
VisualStudioVersion = 16.0.29123.88
MinimumVisualStudioVersion = 10.0.40219.1
Project("{FAE04EC0-301F-11D3-BF4B-00C04F79EFBC}") = "BL", "BL\BL.csproj", "{D64A0539-A19B-45E6-8FAF-F07E5DD9B9F3}"
EndProject
Global
	GlobalSection(SolutionConfigurationPlatforms) = preSolution
		Debug|Any CPU = Debug|Any CPU
		Release|Any CPU = Release|Any CPU
	EndGlobalSection
	GlobalSection(ProjectConfigurationPlatforms) = postSolution
		{D64A0539-A19B-45E6-8FAF-F07E5DD9B9F3}.Debug|Any CPU.ActiveCfg = Debug|Any CPU
		{D64A0539-A19B-45E6-8FAF-F07E5DD9B9F3}.Debug|Any CPU.Build.0 = Debug|Any CPU
		{D64A0539-A19B-45E6-8FAF-F07E5DD9B9F3}.Release|Any CPU.ActiveCfg = Release|Any CPU
		{D64A0539-A19B-45E6-8FAF-F07E5DD9B9F3}.Release|Any CPU.Build.0 = Release|Any CPU
	EndGlobalSection
	GlobalSection(SolutionProperties) = preSolution
		HideSolutionNode = FALSE
	EndGlobalSection
	GlobalSection(ExtensibilityGlobals) = postSolution
		SolutionGuid = {536D996E-331B-4E90-B329-485D9DE41573}
	EndGlobalSection
EndGlobal
